
Microsoft Visual Studio Solution File, Format Version 12.00
# Visual Studio Version 16
VisualStudioVersion = 16.0.30907.101
MinimumVisualStudioVersion = 10.0.40219.1
Project("{FAE04EC0-301F-11D3-BF4B-00C04F79EFBC}") = "Singleton", "ConsoleApp1\Singleton.csproj", "{010411C7-92B3-4292-8F0D-8DADFBF21E1A}"
EndProject
Project("{FAE04EC0-301F-11D3-BF4B-00C04F79EFBC}") = "FactoryMethod", "FactoryMethod\FactoryMethod.csproj", "{DED5672B-3254-421B-8E60-3DD6FA585CC3}"
EndProject
Project("{FAE04EC0-301F-11D3-BF4B-00C04F79EFBC}") = "AbstractFactoryMethod", "AbstractFactoryMethod\AbstractFactoryMethod.csproj", "{31E80A77-CAC1-4244-8979-ABDB0E1A7D27}"
EndProject
Project("{FAE04EC0-301F-11D3-BF4B-00C04F79EFBC}") = "Prototype", "Prototype\Prototype.csproj", "{8B4C1E99-4199-4D72-A6EF-6E78CA22C33D}"
EndProject
Project("{FAE04EC0-301F-11D3-BF4B-00C04F79EFBC}") = "Builder", "Builder\Builder.csproj", "{3DEF181A-90CE-44ED-AED2-37B9A49AABD6}"
EndProject
Project("{FAE04EC0-301F-11D3-BF4B-00C04F79EFBC}") = "Facade", "Facade\Facade.csproj", "{7DE89EAD-8660-4DF0-903E-CE067489B69C}"
EndProject
Project("{FAE04EC0-301F-11D3-BF4B-00C04F79EFBC}") = "Adapter", "Adapter\Adapter.csproj", "{8D72DE76-095D-4FE3-9A83-492BE1BC139B}"
EndProject
Global
	GlobalSection(SolutionConfigurationPlatforms) = preSolution
		Debug|Any CPU = Debug|Any CPU
		Release|Any CPU = Release|Any CPU
	EndGlobalSection
	GlobalSection(ProjectConfigurationPlatforms) = postSolution
		{010411C7-92B3-4292-8F0D-8DADFBF21E1A}.Debug|Any CPU.ActiveCfg = Debug|Any CPU
		{010411C7-92B3-4292-8F0D-8DADFBF21E1A}.Debug|Any CPU.Build.0 = Debug|Any CPU
		{010411C7-92B3-4292-8F0D-8DADFBF21E1A}.Release|Any CPU.ActiveCfg = Release|Any CPU
		{010411C7-92B3-4292-8F0D-8DADFBF21E1A}.Release|Any CPU.Build.0 = Release|Any CPU
		{DED5672B-3254-421B-8E60-3DD6FA585CC3}.Debug|Any CPU.ActiveCfg = Debug|Any CPU
		{DED5672B-3254-421B-8E60-3DD6FA585CC3}.Debug|Any CPU.Build.0 = Debug|Any CPU
		{DED5672B-3254-421B-8E60-3DD6FA585CC3}.Release|Any CPU.ActiveCfg = Release|Any CPU
		{DED5672B-3254-421B-8E60-3DD6FA585CC3}.Release|Any CPU.Build.0 = Release|Any CPU
		{31E80A77-CAC1-4244-8979-ABDB0E1A7D27}.Debug|Any CPU.ActiveCfg = Debug|Any CPU
		{31E80A77-CAC1-4244-8979-ABDB0E1A7D27}.Debug|Any CPU.Build.0 = Debug|Any CPU
		{31E80A77-CAC1-4244-8979-ABDB0E1A7D27}.Release|Any CPU.ActiveCfg = Release|Any CPU
		{31E80A77-CAC1-4244-8979-ABDB0E1A7D27}.Release|Any CPU.Build.0 = Release|Any CPU
		{8B4C1E99-4199-4D72-A6EF-6E78CA22C33D}.Debug|Any CPU.ActiveCfg = Debug|Any CPU
		{8B4C1E99-4199-4D72-A6EF-6E78CA22C33D}.Debug|Any CPU.Build.0 = Debug|Any CPU
		{8B4C1E99-4199-4D72-A6EF-6E78CA22C33D}.Release|Any CPU.ActiveCfg = Release|Any CPU
		{8B4C1E99-4199-4D72-A6EF-6E78CA22C33D}.Release|Any CPU.Build.0 = Release|Any CPU
		{3DEF181A-90CE-44ED-AED2-37B9A49AABD6}.Debug|Any CPU.ActiveCfg = Debug|Any CPU
		{3DEF181A-90CE-44ED-AED2-37B9A49AABD6}.Debug|Any CPU.Build.0 = Debug|Any CPU
		{3DEF181A-90CE-44ED-AED2-37B9A49AABD6}.Release|Any CPU.ActiveCfg = Release|Any CPU
		{3DEF181A-90CE-44ED-AED2-37B9A49AABD6}.Release|Any CPU.Build.0 = Release|Any CPU
		{7DE89EAD-8660-4DF0-903E-CE067489B69C}.Debug|Any CPU.ActiveCfg = Debug|Any CPU
		{7DE89EAD-8660-4DF0-903E-CE067489B69C}.Debug|Any CPU.Build.0 = Debug|Any CPU
		{7DE89EAD-8660-4DF0-903E-CE067489B69C}.Release|Any CPU.ActiveCfg = Release|Any CPU
		{7DE89EAD-8660-4DF0-903E-CE067489B69C}.Release|Any CPU.Build.0 = Release|Any CPU
		{8D72DE76-095D-4FE3-9A83-492BE1BC139B}.Debug|Any CPU.ActiveCfg = Debug|Any CPU
		{8D72DE76-095D-4FE3-9A83-492BE1BC139B}.Debug|Any CPU.Build.0 = Debug|Any CPU
		{8D72DE76-095D-4FE3-9A83-492BE1BC139B}.Release|Any CPU.ActiveCfg = Release|Any CPU
		{8D72DE76-095D-4FE3-9A83-492BE1BC139B}.Release|Any CPU.Build.0 = Release|Any CPU
	EndGlobalSection
	GlobalSection(SolutionProperties) = preSolution
		HideSolutionNode = FALSE
	EndGlobalSection
	GlobalSection(ExtensibilityGlobals) = postSolution
		SolutionGuid = {A1C6056F-12C7-4E91-88F8-75F5E08111F3}
	EndGlobalSection
EndGlobal
