
Microsoft Visual Studio Solution File, Format Version 12.00
# Visual Studio Version 16
VisualStudioVersion = 16.0.30907.101
MinimumVisualStudioVersion = 10.0.40219.1
Project("{FAE04EC0-301F-11D3-BF4B-00C04F79EFBC}") = "Singleton", "ConsoleApp1\Singleton.csproj", "{010411C7-92B3-4292-8F0D-8DADFBF21E1A}"
EndProject
Project("{FAE04EC0-301F-11D3-BF4B-00C04F79EFBC}") = "FactoryMethod", "FactoryMethod\FactoryMethod.csproj", "{DED5672B-3254-421B-8E60-3DD6FA585CC3}"
EndProject
Project("{FAE04EC0-301F-11D3-BF4B-00C04F79EFBC}") = "AbstractFactoryMethod", "AbstractFactoryMethod\AbstractFactoryMethod.csproj", "{31E80A77-CAC1-4244-8979-ABDB0E1A7D27}"
EndProject
Global
	GlobalSection(SolutionConfigurationPlatforms) = preSolution
		Debug|Any CPU = Debug|Any CPU
		Release|Any CPU = Release|Any CPU
	EndGlobalSection
	GlobalSection(ProjectConfigurationPlatforms) = postSolution
		{010411C7-92B3-4292-8F0D-8DADFBF21E1A}.Debug|Any CPU.ActiveCfg = Debug|Any CPU
		{010411C7-92B3-4292-8F0D-8DADFBF21E1A}.Debug|Any CPU.Build.0 = Debug|Any CPU
		{010411C7-92B3-4292-8F0D-8DADFBF21E1A}.Release|Any CPU.ActiveCfg = Release|Any CPU
		{010411C7-92B3-4292-8F0D-8DADFBF21E1A}.Release|Any CPU.Build.0 = Release|Any CPU
		{DED5672B-3254-421B-8E60-3DD6FA585CC3}.Debug|Any CPU.ActiveCfg = Debug|Any CPU
		{DED5672B-3254-421B-8E60-3DD6FA585CC3}.Debug|Any CPU.Build.0 = Debug|Any CPU
		{DED5672B-3254-421B-8E60-3DD6FA585CC3}.Release|Any CPU.ActiveCfg = Release|Any CPU
		{DED5672B-3254-421B-8E60-3DD6FA585CC3}.Release|Any CPU.Build.0 = Release|Any CPU
		{31E80A77-CAC1-4244-8979-ABDB0E1A7D27}.Debug|Any CPU.ActiveCfg = Debug|Any CPU
		{31E80A77-CAC1-4244-8979-ABDB0E1A7D27}.Debug|Any CPU.Build.0 = Debug|Any CPU
		{31E80A77-CAC1-4244-8979-ABDB0E1A7D27}.Release|Any CPU.ActiveCfg = Release|Any CPU
		{31E80A77-CAC1-4244-8979-ABDB0E1A7D27}.Release|Any CPU.Build.0 = Release|Any CPU
	EndGlobalSection
	GlobalSection(SolutionProperties) = preSolution
		HideSolutionNode = FALSE
	EndGlobalSection
	GlobalSection(ExtensibilityGlobals) = postSolution
		SolutionGuid = {A1C6056F-12C7-4E91-88F8-75F5E08111F3}
	EndGlobalSection
EndGlobal
